
Microsoft Visual Studio Solution File, Format Version 12.00
# Visual Studio 15
VisualStudioVersion = 15.0.26730.12
MinimumVisualStudioVersion = 10.0.40219.1
Project("{9A19103F-16F7-4668-BE54-9A1E7A4F7556}") = "Com.Moonlay.Service.Project.WebApi", "Com.Moonlay.Service.Project.WebApi\Com.Moonlay.Service.Project.WebApi.csproj", "{36A51AB4-A1A0-41FA-BD0B-6FE4361E3F74}"
EndProject
Project("{E53339B2-1760-4266-BCC7-CA923CBCF16C}") = "docker-compose", "docker-compose.dcproj", "{1EBA12ED-E28C-4756-B8E0-EC1F8BD4014D}"
EndProject
Project("{2150E333-8FDC-42A3-9474-1A3956D46DE8}") = "Solution Items", "Solution Items", "{5C7C45AC-91F6-4985-94FC-95A8D37B1DE6}"
	ProjectSection(SolutionItems) = preProject
		.dockerignore = .dockerignore
		.gitignore = .gitignore
		.travis.yml = .travis.yml
		docker-compose.test.yml = docker-compose.test.yml
		Dockerfile.test = Dockerfile.test
		Dockerfile.test.build = Dockerfile.test.build
		LICENSE = LICENSE
		README.md = README.md
	EndProjectSection
EndProject
Project("{2150E333-8FDC-42A3-9474-1A3956D46DE8}") = "sh", "sh", "{9CE4C986-18AC-488E-A019-83C7EF1AD9C3}"
	ProjectSection(SolutionItems) = preProject
		Dockerfile.test.build.sh = Dockerfile.test.build.sh
	EndProjectSection
EndProject
Project("{2150E333-8FDC-42A3-9474-1A3956D46DE8}") = "bat", "bat", "{8334AA01-14C3-4E03-B20F-3BC82B334C1D}"
	ProjectSection(SolutionItems) = preProject
		Dockerfile.test.build.bat = Dockerfile.test.build.bat
	EndProjectSection
EndProject
Project("{FAE04EC0-301F-11D3-BF4B-00C04F79EFBC}") = "Com.Moonlay.Service.Project.Lib", "Com.Moonlay.Service.Project.Lib\Com.Moonlay.Service.Project.Lib.csproj", "{E4B6F7ED-63D3-4E21-BCA6-97053D0836EA}"
EndProject
Project("{FAE04EC0-301F-11D3-BF4B-00C04F79EFBC}") = "Com.Moonlay.Service.Project.Test", "Com.Moonlay.Service.Project.Test\Com.Moonlay.Service.Project.Test.csproj", "{E44E54DA-CA67-40B7-A496-A8249C8123BA}"
EndProject
Global
	GlobalSection(SolutionConfigurationPlatforms) = preSolution
		Debug|Any CPU = Debug|Any CPU
		Release|Any CPU = Release|Any CPU
	EndGlobalSection
	GlobalSection(ProjectConfigurationPlatforms) = postSolution
		{36A51AB4-A1A0-41FA-BD0B-6FE4361E3F74}.Debug|Any CPU.ActiveCfg = Debug|Any CPU
		{36A51AB4-A1A0-41FA-BD0B-6FE4361E3F74}.Debug|Any CPU.Build.0 = Debug|Any CPU
		{36A51AB4-A1A0-41FA-BD0B-6FE4361E3F74}.Release|Any CPU.ActiveCfg = Release|Any CPU
		{36A51AB4-A1A0-41FA-BD0B-6FE4361E3F74}.Release|Any CPU.Build.0 = Release|Any CPU
		{1EBA12ED-E28C-4756-B8E0-EC1F8BD4014D}.Debug|Any CPU.ActiveCfg = Debug|Any CPU
		{1EBA12ED-E28C-4756-B8E0-EC1F8BD4014D}.Debug|Any CPU.Build.0 = Debug|Any CPU
		{1EBA12ED-E28C-4756-B8E0-EC1F8BD4014D}.Release|Any CPU.ActiveCfg = Release|Any CPU
		{1EBA12ED-E28C-4756-B8E0-EC1F8BD4014D}.Release|Any CPU.Build.0 = Release|Any CPU
		{E4B6F7ED-63D3-4E21-BCA6-97053D0836EA}.Debug|Any CPU.ActiveCfg = Debug|Any CPU
		{E4B6F7ED-63D3-4E21-BCA6-97053D0836EA}.Debug|Any CPU.Build.0 = Debug|Any CPU
		{E4B6F7ED-63D3-4E21-BCA6-97053D0836EA}.Release|Any CPU.ActiveCfg = Release|Any CPU
		{E4B6F7ED-63D3-4E21-BCA6-97053D0836EA}.Release|Any CPU.Build.0 = Release|Any CPU
		{E44E54DA-CA67-40B7-A496-A8249C8123BA}.Debug|Any CPU.ActiveCfg = Debug|Any CPU
		{E44E54DA-CA67-40B7-A496-A8249C8123BA}.Debug|Any CPU.Build.0 = Debug|Any CPU
		{E44E54DA-CA67-40B7-A496-A8249C8123BA}.Release|Any CPU.ActiveCfg = Release|Any CPU
		{E44E54DA-CA67-40B7-A496-A8249C8123BA}.Release|Any CPU.Build.0 = Release|Any CPU
	EndGlobalSection
	GlobalSection(SolutionProperties) = preSolution
		HideSolutionNode = FALSE
	EndGlobalSection
	GlobalSection(NestedProjects) = preSolution
		{9CE4C986-18AC-488E-A019-83C7EF1AD9C3} = {5C7C45AC-91F6-4985-94FC-95A8D37B1DE6}
		{8334AA01-14C3-4E03-B20F-3BC82B334C1D} = {5C7C45AC-91F6-4985-94FC-95A8D37B1DE6}
	EndGlobalSection
	GlobalSection(ExtensibilityGlobals) = postSolution
		SolutionGuid = {45D12EC4-0769-4592-A0E0-007C27F0EC88}
	EndGlobalSection
EndGlobal
